// !$*UTF8*$!
{
	archiveVersion = 1;
	classes = {
	};
	objectVersion = 46;
	objects = {

/* Begin PBXBuildFile section */
		D273A37419C5D8A40081BB37 /* Foundation.framework in Frameworks */ = {isa = PBXBuildFile; fileRef = D273A37319C5D8A40081BB37 /* Foundation.framework */; };
		D273A37619C5D8A40081BB37 /* CoreGraphics.framework in Frameworks */ = {isa = PBXBuildFile; fileRef = D273A37519C5D8A40081BB37 /* CoreGraphics.framework */; };
		D273A37819C5D8A40081BB37 /* UIKit.framework in Frameworks */ = {isa = PBXBuildFile; fileRef = D273A37719C5D8A40081BB37 /* UIKit.framework */; };
		D273A37E19C5D8A40081BB37 /* InfoPlist.strings in Resources */ = {isa = PBXBuildFile; fileRef = D273A37C19C5D8A40081BB37 /* InfoPlist.strings */; };
		D273A38019C5D8A40081BB37 /* main.m in Sources */ = {isa = PBXBuildFile; fileRef = D273A37F19C5D8A40081BB37 /* main.m */; };
		D273A38419C5D8A40081BB37 /* CRAppDelegate.m in Sources */ = {isa = PBXBuildFile; fileRef = D273A38319C5D8A40081BB37 /* CRAppDelegate.m */; };
		D273A38719C5D8A40081BB37 /* Main.storyboard in Resources */ = {isa = PBXBuildFile; fileRef = D273A38519C5D8A40081BB37 /* Main.storyboard */; };
		D273A38A19C5D8A40081BB37 /* CRViewController.m in Sources */ = {isa = PBXBuildFile; fileRef = D273A38919C5D8A40081BB37 /* CRViewController.m */; };
		D273A38C19C5D8A40081BB37 /* Images.xcassets in Resources */ = {isa = PBXBuildFile; fileRef = D273A38B19C5D8A40081BB37 /* Images.xcassets */; };
		D273A39319C5D8A40081BB37 /* XCTest.framework in Frameworks */ = {isa = PBXBuildFile; fileRef = D273A39219C5D8A40081BB37 /* XCTest.framework */; };
		D273A39419C5D8A40081BB37 /* Foundation.framework in Frameworks */ = {isa = PBXBuildFile; fileRef = D273A37319C5D8A40081BB37 /* Foundation.framework */; };
		D273A39519C5D8A40081BB37 /* UIKit.framework in Frameworks */ = {isa = PBXBuildFile; fileRef = D273A37719C5D8A40081BB37 /* UIKit.framework */; };
		D273A39D19C5D8A40081BB37 /* InfoPlist.strings in Resources */ = {isa = PBXBuildFile; fileRef = D273A39B19C5D8A40081BB37 /* InfoPlist.strings */; };
		D273A39F19C5D8A40081BB37 /* CRScrollMenuControllerDemoTests.m in Sources */ = {isa = PBXBuildFile; fileRef = D273A39E19C5D8A40081BB37 /* CRScrollMenuControllerDemoTests.m */; };
		D273A3B119C5D9A70081BB37 /* CRScrollMenu.m in Sources */ = {isa = PBXBuildFile; fileRef = D273A3AA19C5D9A70081BB37 /* CRScrollMenu.m */; };
		D273A3B219C5D9A70081BB37 /* CRScrollMenuButton.m in Sources */ = {isa = PBXBuildFile; fileRef = D273A3AC19C5D9A70081BB37 /* CRScrollMenuButton.m */; };
		D273A3B319C5D9A70081BB37 /* CRScrollMenuController.m in Sources */ = {isa = PBXBuildFile; fileRef = D273A3AE19C5D9A70081BB37 /* CRScrollMenuController.m */; };
		D273A3B419C5D9A70081BB37 /* CRScrollMenuItem.m in Sources */ = {isa = PBXBuildFile; fileRef = D273A3B019C5D9A70081BB37 /* CRScrollMenuItem.m */; };
		D273A3B619C5DA210081BB37 /* scrollmenu_background@2x.png in Resources */ = {isa = PBXBuildFile; fileRef = D273A3B519C5DA210081BB37 /* scrollmenu_background@2x.png */; };
/* End PBXBuildFile section */

/* Begin PBXContainerItemProxy section */
		D273A39619C5D8A40081BB37 /* PBXContainerItemProxy */ = {
			isa = PBXContainerItemProxy;
			containerPortal = D273A36819C5D8A40081BB37 /* Project object */;
			proxyType = 1;
			remoteGlobalIDString = D273A36F19C5D8A40081BB37;
			remoteInfo = CRScrollMenuControllerDemo;
		};
/* End PBXContainerItemProxy section */

/* Begin PBXFileReference section */
		D273A37019C5D8A40081BB37 /* CRScrollMenuControllerDemo.app */ = {isa = PBXFileReference; explicitFileType = wrapper.application; includeInIndex = 0; path = CRScrollMenuControllerDemo.app; sourceTree = BUILT_PRODUCTS_DIR; };
		D273A37319C5D8A40081BB37 /* Foundation.framework */ = {isa = PBXFileReference; lastKnownFileType = wrapper.framework; name = Foundation.framework; path = System/Library/Frameworks/Foundation.framework; sourceTree = SDKROOT; };
		D273A37519C5D8A40081BB37 /* CoreGraphics.framework */ = {isa = PBXFileReference; lastKnownFileType = wrapper.framework; name = CoreGraphics.framework; path = System/Library/Frameworks/CoreGraphics.framework; sourceTree = SDKROOT; };
		D273A37719C5D8A40081BB37 /* UIKit.framework */ = {isa = PBXFileReference; lastKnownFileType = wrapper.framework; name = UIKit.framework; path = System/Library/Frameworks/UIKit.framework; sourceTree = SDKROOT; };
		D273A37B19C5D8A40081BB37 /* CRScrollMenuControllerDemo-Info.plist */ = {isa = PBXFileReference; lastKnownFileType = text.plist.xml; path = "CRScrollMenuControllerDemo-Info.plist"; sourceTree = "<group>"; };
		D273A37D19C5D8A40081BB37 /* en */ = {isa = PBXFileReference; lastKnownFileType = text.plist.strings; name = en; path = en.lproj/InfoPlist.strings; sourceTree = "<group>"; };
		D273A37F19C5D8A40081BB37 /* main.m */ = {isa = PBXFileReference; lastKnownFileType = sourcecode.c.objc; path = main.m; sourceTree = "<group>"; };
		D273A38119C5D8A40081BB37 /* CRScrollMenuControllerDemo-Prefix.pch */ = {isa = PBXFileReference; lastKnownFileType = sourcecode.c.h; path = "CRScrollMenuControllerDemo-Prefix.pch"; sourceTree = "<group>"; };
		D273A38219C5D8A40081BB37 /* CRAppDelegate.h */ = {isa = PBXFileReference; lastKnownFileType = sourcecode.c.h; path = CRAppDelegate.h; sourceTree = "<group>"; };
		D273A38319C5D8A40081BB37 /* CRAppDelegate.m */ = {isa = PBXFileReference; lastKnownFileType = sourcecode.c.objc; path = CRAppDelegate.m; sourceTree = "<group>"; };
		D273A38619C5D8A40081BB37 /* Base */ = {isa = PBXFileReference; lastKnownFileType = file.storyboard; name = Base; path = Base.lproj/Main.storyboard; sourceTree = "<group>"; };
		D273A38819C5D8A40081BB37 /* CRViewController.h */ = {isa = PBXFileReference; lastKnownFileType = sourcecode.c.h; path = CRViewController.h; sourceTree = "<group>"; };
		D273A38919C5D8A40081BB37 /* CRViewController.m */ = {isa = PBXFileReference; lastKnownFileType = sourcecode.c.objc; path = CRViewController.m; sourceTree = "<group>"; };
		D273A38B19C5D8A40081BB37 /* Images.xcassets */ = {isa = PBXFileReference; lastKnownFileType = folder.assetcatalog; path = Images.xcassets; sourceTree = "<group>"; };
		D273A39119C5D8A40081BB37 /* CRScrollMenuControllerDemoTests.xctest */ = {isa = PBXFileReference; explicitFileType = wrapper.cfbundle; includeInIndex = 0; path = CRScrollMenuControllerDemoTests.xctest; sourceTree = BUILT_PRODUCTS_DIR; };
		D273A39219C5D8A40081BB37 /* XCTest.framework */ = {isa = PBXFileReference; lastKnownFileType = wrapper.framework; name = XCTest.framework; path = Library/Frameworks/XCTest.framework; sourceTree = DEVELOPER_DIR; };
		D273A39A19C5D8A40081BB37 /* CRScrollMenuControllerDemoTests-Info.plist */ = {isa = PBXFileReference; lastKnownFileType = text.plist.xml; path = "CRScrollMenuControllerDemoTests-Info.plist"; sourceTree = "<group>"; };
		D273A39C19C5D8A40081BB37 /* en */ = {isa = PBXFileReference; lastKnownFileType = text.plist.strings; name = en; path = en.lproj/InfoPlist.strings; sourceTree = "<group>"; };
		D273A39E19C5D8A40081BB37 /* CRScrollMenuControllerDemoTests.m */ = {isa = PBXFileReference; lastKnownFileType = sourcecode.c.objc; path = CRScrollMenuControllerDemoTests.m; sourceTree = "<group>"; };
		D273A3A919C5D9A70081BB37 /* CRScrollMenu.h */ = {isa = PBXFileReference; fileEncoding = 4; lastKnownFileType = sourcecode.c.h; path = CRScrollMenu.h; sourceTree = "<group>"; };
		D273A3AA19C5D9A70081BB37 /* CRScrollMenu.m */ = {isa = PBXFileReference; fileEncoding = 4; lastKnownFileType = sourcecode.c.objc; path = CRScrollMenu.m; sourceTree = "<group>"; };
		D273A3AB19C5D9A70081BB37 /* CRScrollMenuButton.h */ = {isa = PBXFileReference; fileEncoding = 4; lastKnownFileType = sourcecode.c.h; path = CRScrollMenuButton.h; sourceTree = "<group>"; };
		D273A3AC19C5D9A70081BB37 /* CRScrollMenuButton.m */ = {isa = PBXFileReference; fileEncoding = 4; lastKnownFileType = sourcecode.c.objc; path = CRScrollMenuButton.m; sourceTree = "<group>"; };
		D273A3AD19C5D9A70081BB37 /* CRScrollMenuController.h */ = {isa = PBXFileReference; fileEncoding = 4; lastKnownFileType = sourcecode.c.h; path = CRScrollMenuController.h; sourceTree = "<group>"; };
		D273A3AE19C5D9A70081BB37 /* CRScrollMenuController.m */ = {isa = PBXFileReference; fileEncoding = 4; lastKnownFileType = sourcecode.c.objc; path = CRScrollMenuController.m; sourceTree = "<group>"; };
		D273A3AF19C5D9A70081BB37 /* CRScrollMenuItem.h */ = {isa = PBXFileReference; fileEncoding = 4; lastKnownFileType = sourcecode.c.h; path = CRScrollMenuItem.h; sourceTree = "<group>"; };
		D273A3B019C5D9A70081BB37 /* CRScrollMenuItem.m */ = {isa = PBXFileReference; fileEncoding = 4; lastKnownFileType = sourcecode.c.objc; path = CRScrollMenuItem.m; sourceTree = "<group>"; };
		D273A3B519C5DA210081BB37 /* scrollmenu_background@2x.png */ = {isa = PBXFileReference; lastKnownFileType = image.png; path = "scrollmenu_background@2x.png"; sourceTree = "<group>"; };
/* End PBXFileReference section */

/* Begin PBXFrameworksBuildPhase section */
		D273A36D19C5D8A40081BB37 /* Frameworks */ = {
			isa = PBXFrameworksBuildPhase;
			buildActionMask = 2147483647;
			files = (
				D273A37619C5D8A40081BB37 /* CoreGraphics.framework in Frameworks */,
				D273A37819C5D8A40081BB37 /* UIKit.framework in Frameworks */,
				D273A37419C5D8A40081BB37 /* Foundation.framework in Frameworks */,
			);
			runOnlyForDeploymentPostprocessing = 0;
		};
		D273A38E19C5D8A40081BB37 /* Frameworks */ = {
			isa = PBXFrameworksBuildPhase;
			buildActionMask = 2147483647;
			files = (
				D273A39319C5D8A40081BB37 /* XCTest.framework in Frameworks */,
				D273A39519C5D8A40081BB37 /* UIKit.framework in Frameworks */,
				D273A39419C5D8A40081BB37 /* Foundation.framework in Frameworks */,
			);
			runOnlyForDeploymentPostprocessing = 0;
		};
/* End PBXFrameworksBuildPhase section */

/* Begin PBXGroup section */
		D273A36719C5D8A40081BB37 = {
			isa = PBXGroup;
			children = (
				D273A37919C5D8A40081BB37 /* CRScrollMenuControllerDemo */,
				D273A39819C5D8A40081BB37 /* CRScrollMenuControllerDemoTests */,
				D273A37219C5D8A40081BB37 /* Frameworks */,
				D273A37119C5D8A40081BB37 /* Products */,
			);
			sourceTree = "<group>";
		};
		D273A37119C5D8A40081BB37 /* Products */ = {
			isa = PBXGroup;
			children = (
				D273A37019C5D8A40081BB37 /* CRScrollMenuControllerDemo.app */,
				D273A39119C5D8A40081BB37 /* CRScrollMenuControllerDemoTests.xctest */,
			);
			name = Products;
			sourceTree = "<group>";
		};
		D273A37219C5D8A40081BB37 /* Frameworks */ = {
			isa = PBXGroup;
			children = (
				D273A37319C5D8A40081BB37 /* Foundation.framework */,
				D273A37519C5D8A40081BB37 /* CoreGraphics.framework */,
				D273A37719C5D8A40081BB37 /* UIKit.framework */,
				D273A39219C5D8A40081BB37 /* XCTest.framework */,
			);
			name = Frameworks;
			sourceTree = "<group>";
		};
		D273A37919C5D8A40081BB37 /* CRScrollMenuControllerDemo */ = {
			isa = PBXGroup;
			children = (
				D273A38219C5D8A40081BB37 /* CRAppDelegate.h */,
				D273A38319C5D8A40081BB37 /* CRAppDelegate.m */,
				D273A38519C5D8A40081BB37 /* Main.storyboard */,
				D273A38819C5D8A40081BB37 /* CRViewController.h */,
				D273A38919C5D8A40081BB37 /* CRViewController.m */,
				D273A3A819C5D9A70081BB37 /* CRScrollMenuController */,
				D273A38B19C5D8A40081BB37 /* Images.xcassets */,
				D273A3B519C5DA210081BB37 /* scrollmenu_background@2x.png */,
				D273A37A19C5D8A40081BB37 /* Supporting Files */,
			);
			path = CRScrollMenuControllerDemo;
			sourceTree = "<group>";
		};
		D273A37A19C5D8A40081BB37 /* Supporting Files */ = {
			isa = PBXGroup;
			children = (
				D273A37B19C5D8A40081BB37 /* CRScrollMenuControllerDemo-Info.plist */,
				D273A37C19C5D8A40081BB37 /* InfoPlist.strings */,
				D273A37F19C5D8A40081BB37 /* main.m */,
				D273A38119C5D8A40081BB37 /* CRScrollMenuControllerDemo-Prefix.pch */,
			);
			name = "Supporting Files";
			sourceTree = "<group>";
		};
		D273A39819C5D8A40081BB37 /* CRScrollMenuControllerDemoTests */ = {
			isa = PBXGroup;
			children = (
				D273A39E19C5D8A40081BB37 /* CRScrollMenuControllerDemoTests.m */,
				D273A39919C5D8A40081BB37 /* Supporting Files */,
			);
			path = CRScrollMenuControllerDemoTests;
			sourceTree = "<group>";
		};
		D273A39919C5D8A40081BB37 /* Supporting Files */ = {
			isa = PBXGroup;
			children = (
				D273A39A19C5D8A40081BB37 /* CRScrollMenuControllerDemoTests-Info.plist */,
				D273A39B19C5D8A40081BB37 /* InfoPlist.strings */,
			);
			name = "Supporting Files";
			sourceTree = "<group>";
		};
		D273A3A819C5D9A70081BB37 /* CRScrollMenuController */ = {
			isa = PBXGroup;
			children = (
				D273A3AD19C5D9A70081BB37 /* CRScrollMenuController.h */,
				D273A3AE19C5D9A70081BB37 /* CRScrollMenuController.m */,
				D273A3A919C5D9A70081BB37 /* CRScrollMenu.h */,
				D273A3AA19C5D9A70081BB37 /* CRScrollMenu.m */,
				D273A3AB19C5D9A70081BB37 /* CRScrollMenuButton.h */,
				D273A3AC19C5D9A70081BB37 /* CRScrollMenuButton.m */,
				D273A3AF19C5D9A70081BB37 /* CRScrollMenuItem.h */,
				D273A3B019C5D9A70081BB37 /* CRScrollMenuItem.m */,
			);
			name = CRScrollMenuController;
			path = ../../CRScrollMenuController;
			sourceTree = "<group>";
		};
/* End PBXGroup section */

/* Begin PBXNativeTarget section */
		D273A36F19C5D8A40081BB37 /* CRScrollMenuControllerDemo */ = {
			isa = PBXNativeTarget;
			buildConfigurationList = D273A3A219C5D8A40081BB37 /* Build configuration list for PBXNativeTarget "CRScrollMenuControllerDemo" */;
			buildPhases = (
				D273A36C19C5D8A40081BB37 /* Sources */,
				D273A36D19C5D8A40081BB37 /* Frameworks */,
				D273A36E19C5D8A40081BB37 /* Resources */,
			);
			buildRules = (
			);
			dependencies = (
			);
			name = CRScrollMenuControllerDemo;
			productName = CRScrollMenuControllerDemo;
			productReference = D273A37019C5D8A40081BB37 /* CRScrollMenuControllerDemo.app */;
			productType = "com.apple.product-type.application";
		};
		D273A39019C5D8A40081BB37 /* CRScrollMenuControllerDemoTests */ = {
			isa = PBXNativeTarget;
			buildConfigurationList = D273A3A519C5D8A40081BB37 /* Build configuration list for PBXNativeTarget "CRScrollMenuControllerDemoTests" */;
			buildPhases = (
				D273A38D19C5D8A40081BB37 /* Sources */,
				D273A38E19C5D8A40081BB37 /* Frameworks */,
				D273A38F19C5D8A40081BB37 /* Resources */,
			);
			buildRules = (
			);
			dependencies = (
				D273A39719C5D8A40081BB37 /* PBXTargetDependency */,
			);
			name = CRScrollMenuControllerDemoTests;
			productName = CRScrollMenuControllerDemoTests;
			productReference = D273A39119C5D8A40081BB37 /* CRScrollMenuControllerDemoTests.xctest */;
			productType = "com.apple.product-type.bundle.unit-test";
		};
/* End PBXNativeTarget section */

/* Begin PBXProject section */
		D273A36819C5D8A40081BB37 /* Project object */ = {
			isa = PBXProject;
			attributes = {
				CLASSPREFIX = CR;
				LastUpgradeCheck = 0510;
				ORGANIZATIONNAME = "Shang Chuanren";
				TargetAttributes = {
					D273A39019C5D8A40081BB37 = {
						TestTargetID = D273A36F19C5D8A40081BB37;
					};
				};
			};
			buildConfigurationList = D273A36B19C5D8A40081BB37 /* Build configuration list for PBXProject "CRScrollMenuControllerDemo" */;
			compatibilityVersion = "Xcode 3.2";
			developmentRegion = English;
			hasScannedForEncodings = 0;
			knownRegions = (
				en,
				Base,
			);
			mainGroup = D273A36719C5D8A40081BB37;
			productRefGroup = D273A37119C5D8A40081BB37 /* Products */;
			projectDirPath = "";
			projectRoot = "";
			targets = (
				D273A36F19C5D8A40081BB37 /* CRScrollMenuControllerDemo */,
				D273A39019C5D8A40081BB37 /* CRScrollMenuControllerDemoTests */,
			);
		};
/* End PBXProject section */

/* Begin PBXResourcesBuildPhase section */
		D273A36E19C5D8A40081BB37 /* Resources */ = {
			isa = PBXResourcesBuildPhase;
			buildActionMask = 2147483647;
			files = (
				D273A3B619C5DA210081BB37 /* scrollmenu_background@2x.png in Resources */,
				D273A38C19C5D8A40081BB37 /* Images.xcassets in Resources */,
				D273A37E19C5D8A40081BB37 /* InfoPlist.strings in Resources */,
				D273A38719C5D8A40081BB37 /* Main.storyboard in Resources */,
			);
			runOnlyForDeploymentPostprocessing = 0;
		};
		D273A38F19C5D8A40081BB37 /* Resources */ = {
			isa = PBXResourcesBuildPhase;
			buildActionMask = 2147483647;
			files = (
				D273A39D19C5D8A40081BB37 /* InfoPlist.strings in Resources */,
			);
			runOnlyForDeploymentPostprocessing = 0;
		};
/* End PBXResourcesBuildPhase section */

/* Begin PBXSourcesBuildPhase section */
		D273A36C19C5D8A40081BB37 /* Sources */ = {
			isa = PBXSourcesBuildPhase;
			buildActionMask = 2147483647;
			files = (
				D273A3B319C5D9A70081BB37 /* CRScrollMenuController.m in Sources */,
				D273A38019C5D8A40081BB37 /* main.m in Sources */,
				D273A3B419C5D9A70081BB37 /* CRScrollMenuItem.m in Sources */,
				D273A38419C5D8A40081BB37 /* CRAppDelegate.m in Sources */,
				D273A3B119C5D9A70081BB37 /* CRScrollMenu.m in Sources */,
				D273A3B219C5D9A70081BB37 /* CRScrollMenuButton.m in Sources */,
				D273A38A19C5D8A40081BB37 /* CRViewController.m in Sources */,
			);
			runOnlyForDeploymentPostprocessing = 0;
		};
		D273A38D19C5D8A40081BB37 /* Sources */ = {
			isa = PBXSourcesBuildPhase;
			buildActionMask = 2147483647;
			files = (
				D273A39F19C5D8A40081BB37 /* CRScrollMenuControllerDemoTests.m in Sources */,
			);
			runOnlyForDeploymentPostprocessing = 0;
		};
/* End PBXSourcesBuildPhase section */

/* Begin PBXTargetDependency section */
		D273A39719C5D8A40081BB37 /* PBXTargetDependency */ = {
			isa = PBXTargetDependency;
			target = D273A36F19C5D8A40081BB37 /* CRScrollMenuControllerDemo */;
			targetProxy = D273A39619C5D8A40081BB37 /* PBXContainerItemProxy */;
		};
/* End PBXTargetDependency section */

/* Begin PBXVariantGroup section */
		D273A37C19C5D8A40081BB37 /* InfoPlist.strings */ = {
			isa = PBXVariantGroup;
			children = (
				D273A37D19C5D8A40081BB37 /* en */,
			);
			name = InfoPlist.strings;
			sourceTree = "<group>";
		};
		D273A38519C5D8A40081BB37 /* Main.storyboard */ = {
			isa = PBXVariantGroup;
			children = (
				D273A38619C5D8A40081BB37 /* Base */,
			);
			name = Main.storyboard;
			sourceTree = "<group>";
		};
		D273A39B19C5D8A40081BB37 /* InfoPlist.strings */ = {
			isa = PBXVariantGroup;
			children = (
				D273A39C19C5D8A40081BB37 /* en */,
			);
			name = InfoPlist.strings;
			sourceTree = "<group>";
		};
/* End PBXVariantGroup section */

/* Begin XCBuildConfiguration section */
		D273A3A019C5D8A40081BB37 /* Debug */ = {
			isa = XCBuildConfiguration;
			buildSettings = {
				ALWAYS_SEARCH_USER_PATHS = NO;
				CLANG_CXX_LANGUAGE_STANDARD = "gnu++0x";
				CLANG_CXX_LIBRARY = "libc++";
				CLANG_ENABLE_MODULES = YES;
				CLANG_ENABLE_OBJC_ARC = YES;
				CLANG_WARN_BOOL_CONVERSION = YES;
				CLANG_WARN_CONSTANT_CONVERSION = YES;
				CLANG_WARN_DIRECT_OBJC_ISA_USAGE = YES_ERROR;
				CLANG_WARN_EMPTY_BODY = YES;
				CLANG_WARN_ENUM_CONVERSION = YES;
				CLANG_WARN_INT_CONVERSION = YES;
				CLANG_WARN_OBJC_ROOT_CLASS = YES_ERROR;
				CLANG_WARN__DUPLICATE_METHOD_MATCH = YES;
				"CODE_SIGN_IDENTITY[sdk=iphoneos*]" = "iPhone Developer";
				COPY_PHASE_STRIP = NO;
				GCC_C_LANGUAGE_STANDARD = gnu99;
				GCC_DYNAMIC_NO_PIC = NO;
				GCC_OPTIMIZATION_LEVEL = 0;
				GCC_PREPROCESSOR_DEFINITIONS = (
					"DEBUG=1",
					"$(inherited)",
				);
				GCC_SYMBOLS_PRIVATE_EXTERN = NO;
				GCC_WARN_64_TO_32_BIT_CONVERSION = YES;
				GCC_WARN_ABOUT_RETURN_TYPE = YES_ERROR;
				GCC_WARN_UNDECLARED_SELECTOR = YES;
				GCC_WARN_UNINITIALIZED_AUTOS = YES_AGGRESSIVE;
				GCC_WARN_UNUSED_FUNCTION = YES;
				GCC_WARN_UNUSED_VARIABLE = YES;
				IPHONEOS_DEPLOYMENT_TARGET = 7.1;
				ONLY_ACTIVE_ARCH = YES;
				SDKROOT = iphoneos;
			};
			name = Debug;
		};
		D273A3A119C5D8A40081BB37 /* Release */ = {
			isa = XCBuildConfiguration;
			buildSettings = {
				ALWAYS_SEARCH_USER_PATHS = NO;
				CLANG_CXX_LANGUAGE_STANDARD = "gnu++0x";
				CLANG_CXX_LIBRARY = "libc++";
				CLANG_ENABLE_MODULES = YES;
				CLANG_ENABLE_OBJC_ARC = YES;
				CLANG_WARN_BOOL_CONVERSION = YES;
				CLANG_WARN_CONSTANT_CONVERSION = YES;
				CLANG_WARN_DIRECT_OBJC_ISA_USAGE = YES_ERROR;
				CLANG_WARN_EMPTY_BODY = YES;
				CLANG_WARN_ENUM_CONVERSION = YES;
				CLANG_WARN_INT_CONVERSION = YES;
				CLANG_WARN_OBJC_ROOT_CLASS = YES_ERROR;
				CLANG_WARN__DUPLICATE_METHOD_MATCH = YES;
				"CODE_SIGN_IDENTITY[sdk=iphoneos*]" = "iPhone Developer";
				COPY_PHASE_STRIP = YES;
				ENABLE_NS_ASSERTIONS = NO;
				GCC_C_LANGUAGE_STANDARD = gnu99;
				GCC_WARN_64_TO_32_BIT_CONVERSION = YES;
				GCC_WARN_ABOUT_RETURN_TYPE = YES_ERROR;
				GCC_WARN_UNDECLARED_SELECTOR = YES;
				GCC_WARN_UNINITIALIZED_AUTOS = YES_AGGRESSIVE;
				GCC_WARN_UNUSED_FUNCTION = YES;
				GCC_WARN_UNUSED_VARIABLE = YES;
				IPHONEOS_DEPLOYMENT_TARGET = 7.1;
				SDKROOT = iphoneos;
				VALIDATE_PRODUCT = YES;
			};
			name = Release;
		};
		D273A3A319C5D8A40081BB37 /* Debug */ = {
			isa = XCBuildConfiguration;
			buildSettings = {
				ASSETCATALOG_COMPILER_APPICON_NAME = AppIcon;
				ASSETCATALOG_COMPILER_LAUNCHIMAGE_NAME = LaunchImage;
				GCC_PRECOMPILE_PREFIX_HEADER = YES;
				GCC_PREFIX_HEADER = "CRScrollMenuControllerDemo/CRScrollMenuControllerDemo-Prefix.pch";
				INFOPLIST_FILE = "CRScrollMenuControllerDemo/CRScrollMenuControllerDemo-Info.plist";
				PRODUCT_NAME = "$(TARGET_NAME)";
				WRAPPER_EXTENSION = app;
			};
			name = Debug;
		};
		D273A3A419C5D8A40081BB37 /* Release */ = {
			isa = XCBuildConfiguration;
			buildSettings = {
				ASSETCATALOG_COMPILER_APPICON_NAME = AppIcon;
				ASSETCATALOG_COMPILER_LAUNCHIMAGE_NAME = LaunchImage;
				GCC_PRECOMPILE_PREFIX_HEADER = YES;
				GCC_PREFIX_HEADER = "CRScrollMenuControllerDemo/CRScrollMenuControllerDemo-Prefix.pch";
				INFOPLIST_FILE = "CRScrollMenuControllerDemo/CRScrollMenuControllerDemo-Info.plist";
				PRODUCT_NAME = "$(TARGET_NAME)";
				WRAPPER_EXTENSION = app;
			};
			name = Release;
		};
		D273A3A619C5D8A40081BB37 /* Debug */ = {
			isa = XCBuildConfiguration;
			buildSettings = {
				BUNDLE_LOADER = "$(BUILT_PRODUCTS_DIR)/CRScrollMenuControllerDemo.app/CRScrollMenuControllerDemo";
				FRAMEWORK_SEARCH_PATHS = (
					"$(SDKROOT)/Developer/Library/Frameworks",
					"$(inherited)",
					"$(DEVELOPER_FRAMEWORKS_DIR)",
				);
				GCC_PRECOMPILE_PREFIX_HEADER = YES;
				GCC_PREFIX_HEADER = "CRScrollMenuControllerDemo/CRScrollMenuControllerDemo-Prefix.pch";
				GCC_PREPROCESSOR_DEFINITIONS = (
					"DEBUG=1",
					"$(inherited)",
				);
				INFOPLIST_FILE = "CRScrollMenuControllerDemoTests/CRScrollMenuControllerDemoTests-Info.plist";
				PRODUCT_NAME = "$(TARGET_NAME)";
				TEST_HOST = "$(BUNDLE_LOADER)";
				WRAPPER_EXTENSION = xctest;
			};
			name = Debug;
		};
		D273A3A719C5D8A40081BB37 /* Release */ = {
			isa = XCBuildConfiguration;
			buildSettings = {
				BUNDLE_LOADER = "$(BUILT_PRODUCTS_DIR)/CRScrollMenuControllerDemo.app/CRScrollMenuControllerDemo";
				FRAMEWORK_SEARCH_PATHS = (
					"$(SDKROOT)/Developer/Library/Frameworks",
					"$(inherited)",
					"$(DEVELOPER_FRAMEWORKS_DIR)",
				);
				GCC_PRECOMPILE_PREFIX_HEADER = YES;
				GCC_PREFIX_HEADER = "CRScrollMenuControllerDemo/CRScrollMenuControllerDemo-Prefix.pch";
				INFOPLIST_FILE = "CRScrollMenuControllerDemoTests/CRScrollMenuControllerDemoTests-Info.plist";
				PRODUCT_NAME = "$(TARGET_NAME)";
				TEST_HOST = "$(BUNDLE_LOADER)";
				WRAPPER_EXTENSION = xctest;
			};
			name = Release;
		};
/* End XCBuildConfiguration section */

/* Begin XCConfigurationList section */
		D273A36B19C5D8A40081BB37 /* Build configuration list for PBXProject "CRScrollMenuControllerDemo" */ = {
			isa = XCConfigurationList;
			buildConfigurations = (
				D273A3A019C5D8A40081BB37 /* Debug */,
				D273A3A119C5D8A40081BB37 /* Release */,
			);
			defaultConfigurationIsVisible = 0;
			defaultConfigurationName = Release;
		};
		D273A3A219C5D8A40081BB37 /* Build configuration list for PBXNativeTarget "CRScrollMenuControllerDemo" */ = {
			isa = XCConfigurationList;
			buildConfigurations = (
				D273A3A319C5D8A40081BB37 /* Debug */,
				D273A3A419C5D8A40081BB37 /* Release */,
			);
			defaultConfigurationIsVisible = 0;
			defaultConfigurationName = Release;
		};
		D273A3A519C5D8A40081BB37 /* Build configuration list for PBXNativeTarget "CRScrollMenuControllerDemoTests" */ = {
			isa = XCConfigurationList;
			buildConfigurations = (
				D273A3A619C5D8A40081BB37 /* Debug */,
				D273A3A719C5D8A40081BB37 /* Release */,
			);
			defaultConfigurationIsVisible = 0;
			defaultConfigurationName = Release;
		};
/* End XCConfigurationList section */
	};
	rootObject = D273A36819C5D8A40081BB37 /* Project object */;
}
